<?xml version="1.0" encoding="utf-8"?>
<Project ToolsVersion="4.0" xmlns="http://schemas.microsoft.com/developer/msbuild/2003">
  <ItemGroup>
    <ClCompile Include="TestsMain.cpp" />
    <ClCompile Include="EventBusTests.cpp">
      <Filter>Source</Filter>
    </ClCompile>
    <ClCompile Include="EventQueueTests.cpp">
      <Filter>Source</Filter>
    </ClCompile>
    <ClCompile Include="RenderSystemTests.cpp">
      <Filter>Source</Filter>
    </ClCompile>
    <ClCompile Include="ViewPortTests.cpp">
      <Filter>Source</Filter>
    </ClCompile>
    <ClCompile Include="InputListenerTests.cpp">
      <Filter>Source</Filter>
    </ClCompile>
    <ClCompile Include="ECSTests.cpp">
      <Filter>Source</Filter>
    </ClCompile>
    <ClCompile Include="ErrorReporterTests.cpp">
      <Filter>Source</Filter>
    </ClCompile>
    <ClCompile Include="MatrixTests.cpp">
      <Filter>Source</Filter>
    </ClCompile>
    <ClCompile Include="EntityInteractionTests.cpp">
      <Filter>Source</Filter>
    </ClCompile>
    <ClCompile Include="GlobeGenerationTests.cpp">
      <Filter>Source</Filter>
    </ClCompile>
    <ClCompile Include="PathfinderTests.cpp">
      <Filter>Source</Filter>
    </ClCompile>
    <ClCompile Include="GenericButtonTests.cpp">
      <Filter>Source</Filter>
    </ClCompile>
    <ClCompile Include="GenericSliderTests.cpp">
      <Filter>Source</Filter>
    </ClCompile>
    <ClCompile Include="GenericLoadingProgressTests.cpp">
      <Filter>Source</Filter>
    </ClCompile>
    <ClCompile Include="PlayerTests.cpp">
      <Filter>Source</Filter>
    </ClCompile>
    <ClCompile Include="TileTests.cpp">
      <Filter>Source</Filter>
    </ClCompile>
    <ClCompile Include="GlobeTests.cpp">
      <Filter>Source</Filter>
    </ClCompile>
    <ClCompile Include="PathfinderExtraTests.cpp">
      <Filter>Source</Filter>
    </ClCompile>
    <ClCompile Include="ErrorManifestTests.cpp">
      <Filter>Source</Filter>
    </ClCompile>
    <ClCompile Include="GameActionTests.cpp">
      <Filter>Source</Filter>
    </ClCompile>
    <ClCompile Include="TransformationMatrixEdgeTests.cpp">
      <Filter>Source</Filter>
    </ClCompile>
    <ClCompile Include="EntityInteractionEvaluatorExtraTests.cpp">
      <Filter>Source</Filter>
    </ClCompile>
    <ClCompile Include="ConfigManagerTests.cpp">
      <Filter>Source</Filter>
    </ClCompile>
    <ClCompile Include="ComponentStructTests.cpp">
      <Filter>Source</Filter>
    </ClCompile>
    <ClCompile Include="EventQueueEdgeTests.cpp">
      <Filter>Source</Filter>
    </ClCompile>
    <ClCompile Include="EventBusExtraTests.cpp">
      <Filter>Source</Filter>
    </ClCompile>
    <ClCompile Include="ErrorReporterExtraTests.cpp">
      <Filter>Source</Filter>
    </ClCompile>
    <ClCompile Include="ViewPortExtraTests.cpp">
      <Filter>Source</Filter>
    </ClCompile>
    <ClCompile Include="RenderSystemExtraTests.cpp">
      <Filter>Source</Filter>
    </ClCompile>
    <ClCompile Include="ECSHelperComponentEventTests.cpp">
      <Filter>Source</Filter>
    </ClCompile>
    <ClCompile Include="WorldManagerCombatTests.cpp">
      <Filter>Source</Filter>
    </ClCompile>
    <ClCompile Include="UnitSelectionTests.cpp">
      <Filter>Source</Filter>
    </ClCompile>
    <ClCompile Include="SelectionBoxTests.cpp">
      <Filter>Source</Filter>
    </ClCompile>
    <ClCompile Include="UnitIndicatorTests.cpp">
      <Filter>Source</Filter>
    </ClCompile>
    <ClCompile Include="UnitIndicatorPolicyTests.cpp">
      <Filter>Source</Filter>
    </ClCompile>
    <ClCompile Include="FacingArrowTests.cpp">
      <Filter>Source</Filter>
    </ClCompile>
  </ItemGroup>
  <ItemGroup>
    <Filter Include="Headers">
      <UniqueIdentifier>{fc03f385-b65d-442b-96b7-b607eb116d53}</UniqueIdentifier>
    </Filter>
    <Filter Include="Source">
      <UniqueIdentifier>{ac339bdc-b3a4-4a5c-8e81-fb0a51238d6b}</UniqueIdentifier>
    </Filter>
  </ItemGroup>
</Project>