<?xml version="1.0" encoding="utf-8"?>
<Project ToolsVersion="4.0" xmlns="http://schemas.microsoft.com/developer/msbuild/2003">
  <ItemGroup>
    <ClCompile Include="EventQueue.cpp">
      <Filter>Source\Event</Filter>
    </ClCompile>
    <ClCompile Include="RenderSystem.cpp">
      <Filter>Source\Render</Filter>
    </ClCompile>
    <ClCompile Include="ViewPortController.cpp">
      <Filter>Source\Render</Filter>
    </ClCompile>
    <ClCompile Include="InputListener.cpp">
      <Filter>Source\input</Filter>
    </ClCompile>
    <ClCompile Include="Player.cpp">
      <Filter>Source\Player</Filter>
    </ClCompile>
    <ClCompile Include="WorldManager.cpp">
      <Filter>Source\World</Filter>
    </ClCompile>
    <ClCompile Include="ErrorReporter.cpp">
      <Filter>Source\ErrorReporter</Filter>
    </ClCompile>
    <ClCompile Include="InputTranslator.cpp">
      <Filter>Source\input</Filter>
    </ClCompile>
    <ClCompile Include="OverlayController.cpp">
      <Filter>Source\Render</Filter>
    </ClCompile>
    <ClCompile Include="BillboardController.cpp">
      <Filter>Source\Render</Filter>
    </ClCompile>
    <ClCompile Include="HealthBarController.cpp">
      <Filter>Source\Render</Filter>
    </ClCompile>
    <ClCompile Include="InputAnalyser.cpp">
      <Filter>Source\Debug Analysis Tools</Filter>
    </ClCompile>
    <ClCompile Include="ConfigManager.cpp">
      <Filter>Source\Config</Filter>
    </ClCompile>
    <ClCompile Include="ECSHelper.cpp">
      <Filter>Source\ECS</Filter>
    </ClCompile>
    <ClCompile Include="EntityConstructionTemplates.h">
      <Filter>Headers\ECS</Filter>
    </ClCompile>
    <ClCompile Include="instanceOverseer.cpp">
      <Filter>Source\instance</Filter>
    </ClCompile>
    <ClCompile Include="GameInstance.cpp">
      <Filter>Source\instance</Filter>
    </ClCompile>
    <ClCompile Include="ViewPortUpdateListener.cpp">
      <Filter>Source\Render</Filter>
    </ClCompile>
    <ClCompile Include="Cursor.cpp">
      <Filter>Source\UI</Filter>
    </ClCompile>
    <ClCompile Include="TransformationMatrix.cpp">
      <Filter>Source\Matrix</Filter>
    </ClCompile>
    <ClCompile Include="EntityInteraction.cpp">
      <Filter>Source\Action</Filter>
    </ClCompile>
    <ClCompile Include="PlayerGeneralControl.cpp">
      <Filter>Source\Player</Filter>
    </ClCompile>
    <ClCompile Include="GenericButton.cpp">
      <Filter>Source\UI</Filter>
    </ClCompile>
    <ClCompile Include="PlayerUI.cpp">
      <Filter>Source\UI</Filter>
    </ClCompile>
    <ClCompile Include="Globe.cpp">
      <Filter>Source\World</Filter>
    </ClCompile>
    <ClCompile Include="Tile.cpp">
      <Filter>Source\World</Filter>
    </ClCompile>
    <ClCompile Include="Pathfinder.cpp">
      <Filter>Source\World</Filter>
    </ClCompile>
    <ClCompile Include="GlobeInterface.cpp">
      <Filter>Source\Render</Filter>
    </ClCompile>
    <ClCompile Include="GenericSlider.cpp">
      <Filter>Source\UI</Filter>
    </ClCompile>
    <ClCompile Include="GenericLoadingProgress.cpp">
      <Filter>Source\UI</Filter>
    </ClCompile>
    <ClCompile Include="InteractionWheel.cpp">
      <Filter>Source\UI</Filter>
    </ClCompile>
  </ItemGroup>
  <ItemGroup>
    <Filter Include="Headers">
      <UniqueIdentifier>{207b13a7-6e9c-4b97-a1f6-8b314cdfb4ae}</UniqueIdentifier>
    </Filter>
    <Filter Include="Source">
      <UniqueIdentifier>{feb8d488-6db5-441d-a4dc-53b1a4407532}</UniqueIdentifier>
    </Filter>
    <Filter Include="Source\Event">
      <UniqueIdentifier>{ec10c790-953f-4cd1-bdca-efa6942e0d28}</UniqueIdentifier>
    </Filter>
    <Filter Include="Headers\Event">
      <UniqueIdentifier>{7c645c7e-0af5-4358-94d6-17be56975dcf}</UniqueIdentifier>
    </Filter>
    <Filter Include="Source\Render">
      <UniqueIdentifier>{defd3213-dead-487f-a605-6c996f804168}</UniqueIdentifier>
    </Filter>
    <Filter Include="Headers\Render">
      <UniqueIdentifier>{cbe34255-5e16-4794-87bf-1cd1f5348fd3}</UniqueIdentifier>
    </Filter>
    <Filter Include="Source\input">
      <UniqueIdentifier>{c5d550c6-804e-489a-9abc-c1e3a1cc81ea}</UniqueIdentifier>
    </Filter>
    <Filter Include="Headers\input">
      <UniqueIdentifier>{397acb03-ca75-4b0a-b0ae-98c59a650b2c}</UniqueIdentifier>
    </Filter>
    <Filter Include="Headers\Player">
      <UniqueIdentifier>{12f8c0eb-6d14-4b91-b097-d0e65495aee2}</UniqueIdentifier>
    </Filter>
    <Filter Include="Source\Player">
      <UniqueIdentifier>{83ac41d8-ac7e-447d-a17a-dab50adc1d96}</UniqueIdentifier>
    </Filter>
    <Filter Include="Event Templates">
      <UniqueIdentifier>{bb7f04de-1eb8-4378-a0bd-88941c0ffd14}</UniqueIdentifier>
    </Filter>
    <Filter Include="Headers\World">
      <UniqueIdentifier>{26c86f86-1bd8-48ee-ac2e-aee60ada0ab1}</UniqueIdentifier>
    </Filter>
    <Filter Include="Source\World">
      <UniqueIdentifier>{076b773a-4d60-49b4-a957-8d90e158675d}</UniqueIdentifier>
    </Filter>
    <Filter Include="Entity Components">
      <UniqueIdentifier>{41518b02-fe16-4795-8d07-cd39785e2073}</UniqueIdentifier>
    </Filter>
    <Filter Include="Headers\ErrorReporter">
      <UniqueIdentifier>{b38c83b5-4bf3-490e-8b8e-e360310f4379}</UniqueIdentifier>
    </Filter>
    <Filter Include="Source\ErrorReporter">
      <UniqueIdentifier>{67cfc9c1-8b92-41e8-8d93-7a92bbff233c}</UniqueIdentifier>
    </Filter>
    <Filter Include="Source\Debug Analysis Tools">
      <UniqueIdentifier>{5b59a185-70a1-4de2-be40-d6f89ebb7d0d}</UniqueIdentifier>
    </Filter>
    <Filter Include="Headers\Debug Analysis Tools">
      <UniqueIdentifier>{1f0a2db3-e781-458f-bbd0-10c7b798fc7a}</UniqueIdentifier>
    </Filter>
    <Filter Include="Headers\Config">
      <UniqueIdentifier>{beaa91f2-5d30-4cd0-98ae-fb81fa940f2a}</UniqueIdentifier>
    </Filter>
    <Filter Include="Source\Config">
      <UniqueIdentifier>{35904ac4-2245-4d77-9dda-5f2ee9c40533}</UniqueIdentifier>
    </Filter>
    <Filter Include="Headers\ECS">
      <UniqueIdentifier>{71a47d8c-0bdd-46a8-81cf-c45e96b82580}</UniqueIdentifier>
    </Filter>
    <Filter Include="Source\ECS">
      <UniqueIdentifier>{e416f013-20e6-4c01-9ba6-f42034383746}</UniqueIdentifier>
    </Filter>
    <Filter Include="Source\instance">
      <UniqueIdentifier>{51e756d4-cf6f-45df-b654-479a49bab4bf}</UniqueIdentifier>
    </Filter>
    <Filter Include="Headers\instance">
      <UniqueIdentifier>{0a9f0a4e-774c-4a35-988f-19d566d8a519}</UniqueIdentifier>
    </Filter>
    <Filter Include="Source\UI">
      <UniqueIdentifier>{8c437e23-2b60-4aff-a4cd-98eccda8bb27}</UniqueIdentifier>
    </Filter>
    <Filter Include="Headers\UI">
      <UniqueIdentifier>{1ea5edfc-795b-49de-8fe2-43078d544d09}</UniqueIdentifier>
    </Filter>
    <Filter Include="Source\Matrix">
      <UniqueIdentifier>{8c747afa-ca91-4665-ab32-848f3d6911e7}</UniqueIdentifier>
    </Filter>
    <Filter Include="Headers\Matrix">
      <UniqueIdentifier>{5fc9709a-aa81-4f13-acb8-7cf9cd66f884}</UniqueIdentifier>
    </Filter>
    <Filter Include="Source\Action">
      <UniqueIdentifier>{16e0fc90-0731-49ca-b68c-61a88fb7811a}</UniqueIdentifier>
    </Filter>
    <Filter Include="Headers\Action">
      <UniqueIdentifier>{bee106f6-0a0d-47af-b0ba-12783cb54514}</UniqueIdentifier>
    </Filter>
  </ItemGroup>
  <ItemGroup>
    <ClInclude Include="EventBus.h">
      <Filter>Headers\Event</Filter>
    </ClInclude>
    <ClInclude Include="EventQueue.h">
      <Filter>Headers\Event</Filter>
    </ClInclude>
    <ClInclude Include="RenderSystem.h">
      <Filter>Headers\Render</Filter>
    </ClInclude>
    <ClInclude Include="ViewPortController.h">
      <Filter>Headers\Render</Filter>
    </ClInclude>
    <ClInclude Include="InputListener.h">
      <Filter>Headers\input</Filter>
    </ClInclude>
    <ClInclude Include="InputDevice.h">
      <Filter>Headers\input</Filter>
    </ClInclude>
    <ClInclude Include="Player.h">
      <Filter>Headers\Player</Filter>
    </ClInclude>
    <ClInclude Include="InputEvent.h">
      <Filter>Event Templates</Filter>
    </ClInclude>
    <ClInclude Include="GameAction.h">
      <Filter>Headers\input</Filter>
    </ClInclude>
    <ClInclude Include="RenderEvent.h">
      <Filter>Event Templates</Filter>
    </ClInclude>
    <ClInclude Include="BillboardEvent.h">
      <Filter>Event Templates</Filter>
    </ClInclude>
    <ClInclude Include="WorldManager.h">
      <Filter>Headers\World</Filter>
    </ClInclude>
    <ClInclude Include="BaseComponents.h">
      <Filter>Entity Components</Filter>
    </ClInclude>
    <ClInclude Include="ErrorReporter.h">
      <Filter>Headers\ErrorReporter</Filter>
    </ClInclude>
    <ClInclude Include="ErrorManifest.h">
      <Filter>Headers\ErrorReporter</Filter>
    </ClInclude>
    <ClInclude Include="InputTranslator.h">
      <Filter>Headers\input</Filter>
    </ClInclude>
    <ClInclude Include="OverlayController.h">
      <Filter>Headers\Render</Filter>
    </ClInclude>
    <ClInclude Include="BillboardController.h">
      <Filter>Headers\Render</Filter>
    </ClInclude>
    <ClInclude Include="HealthBarController.h">
      <Filter>Headers\Render</Filter>
    </ClInclude>
    <ClInclude Include="OverlayEvent.h">
      <Filter>Event Templates</Filter>
    </ClInclude>
    <ClInclude Include="InputAnalyser.h">
      <Filter>Headers\Debug Analysis Tools</Filter>
    </ClInclude>
    <ClInclude Include="Metrics.h">
      <Filter>Headers\Debug Analysis Tools</Filter>
    </ClInclude>
    <ClInclude Include="ConfigManager.h">
      <Filter>Headers\Config</Filter>
    </ClInclude>
    <ClInclude Include="ConfigEvent.h">
      <Filter>Event Templates</Filter>
    </ClInclude>
    <ClInclude Include="WorldEvent.h">
      <Filter>Event Templates</Filter>
    </ClInclude>
    <ClInclude Include="ECSHelper.h">
      <Filter>Headers\ECS</Filter>
    </ClInclude>
    <ClInclude Include="ECSFactoryEvent.h">
      <Filter>Event Templates</Filter>
    </ClInclude>
    <ClInclude Include="instanceOverseer.h">
      <Filter>Headers\instance</Filter>
    </ClInclude>
    <ClInclude Include="GameInstance.h">
      <Filter>Headers\instance</Filter>
    </ClInclude>
    <ClInclude Include="InstanceEvent.h">
      <Filter>Event Templates</Filter>
    </ClInclude>
    <ClInclude Include="ViewPortUpdateListener.h">
      <Filter>Headers\Render</Filter>
    </ClInclude>
    <ClInclude Include="ViewPortUpdateEvent.h">
      <Filter>Event Templates</Filter>
    </ClInclude>
    <ClInclude Include="ResizeEvent.h">
      <Filter>Event Templates</Filter>
    </ClInclude>
    <ClInclude Include="CursorEvent.h">
      <Filter>Event Templates</Filter>
    </ClInclude>
    <ClInclude Include="Cursor.h">
      <Filter>Headers\UI</Filter>
    </ClInclude>
    <ClInclude Include="TransformationMatrix.h">
      <Filter>Headers\Matrix</Filter>
    </ClInclude>
    <ClInclude Include="EntityInteractionEvaluator.h">
      <Filter>Headers\Action</Filter>
    </ClInclude>
    <ClInclude Include="InteractionWheel.h">
      <Filter>Headers\UI</Filter>
    </ClInclude>
    <ClInclude Include="UIEvent.h">
      <Filter>Event Templates</Filter>
    </ClInclude>
    <ClInclude Include="ActionCommand.h">
      <Filter>Event Templates</Filter>
    </ClInclude>
    <ClInclude Include="OverlayInfo.h">
      <Filter>Headers\Render</Filter>
    </ClInclude>
    <ClInclude Include="SharedInputEvent.h">
      <Filter>Event Templates</Filter>
    </ClInclude>
    <ClInclude Include="RayTraceEvent.h">
      <Filter>Event Templates</Filter>
    </ClInclude>
    <ClInclude Include="PlayerGeneralControl.h">
      <Filter>Headers\Player</Filter>
    </ClInclude>
    <ClInclude Include="PlayerControlEvent.h">
      <Filter>Event Templates</Filter>
    </ClInclude>
    <ClInclude Include="GenericButton.h">
      <Filter>Headers\UI</Filter>
    </ClInclude>
    <ClInclude Include="CommonGameObjectComponents.h">
      <Filter>Entity Components</Filter>
    </ClInclude>
    <ClInclude Include="UnitComponents.h">
      <Filter>Entity Components</Filter>
    </ClInclude>
    <ClInclude Include="ShareInfoEvent.h">
      <Filter>Event Templates</Filter>
    </ClInclude>
    <ClInclude Include="InteractionWheelCallbackCommands.h">
      <Filter>Event Templates</Filter>
    </ClInclude>
    <ClInclude Include="PlayerConstructionInfo.h">
      <Filter>Event Templates</Filter>
    </ClInclude>
    <ClInclude Include="PlayerUI.h">
      <Filter>Headers\UI</Filter>
    </ClInclude>
    <ClInclude Include="CityComponents.h">
      <Filter>Entity Components</Filter>
    </ClInclude>
    <ClInclude Include="PlayerEvent.h">
      <Filter>Event Templates</Filter>
    </ClInclude>
    <ClInclude Include="MatrixableInteractionEvent.h">
      <Filter>Event Templates</Filter>
    </ClInclude>
    <ClInclude Include="Globe.h">
      <Filter>Headers\World</Filter>
    </ClInclude>
    <ClInclude Include="Tile.h">
      <Filter>Headers\World</Filter>
    </ClInclude>
    <ClInclude Include="Pathfinder.h">
      <Filter>Headers\World</Filter>
    </ClInclude>
    <ClInclude Include="GlobeInterface.h">
      <Filter>Headers\Render</Filter>
    </ClInclude>
    <ClInclude Include="GlobeEvent.h">
      <Filter>Event Templates</Filter>
    </ClInclude>
    <ClInclude Include="CameraEvent.h">
      <Filter>Event Templates</Filter>
    </ClInclude>
    <ClInclude Include="TraversalComponents.h">
      <Filter>Entity Components</Filter>
    </ClInclude>
    <ClInclude Include="Biome.h">
      <Filter>Headers\World</Filter>
    </ClInclude>
    <ClInclude Include="RenderQueryFlags.h">
      <Filter>Headers\Render</Filter>
    </ClInclude>
    <ClInclude Include="GenericSlider.h">
      <Filter>Headers\UI</Filter>
    </ClInclude>
    <ClInclude Include="GenericLoadingProgress.h">
      <Filter>Headers\UI</Filter>
    </ClInclude>
    <ClInclude Include="UIElement.h">
      <Filter>Headers\UI</Filter>
    </ClInclude>
  </ItemGroup>
</Project>