<?xml version="1.0" encoding="utf-8"?>
<Project ToolsVersion="4.0" xmlns="http://schemas.microsoft.com/developer/msbuild/2003">
  <ItemGroup>
    <ClCompile Include="EventBus.cpp">
      <Filter>Source\Event</Filter>
    </ClCompile>
    <ClCompile Include="main.cpp">
      <Filter>Source</Filter>
    </ClCompile>
    <ClCompile Include="ECSRegistry.cpp">
      <Filter>Source\ECS</Filter>
    </ClCompile>
    <ClCompile Include="EventQueue.cpp">
      <Filter>Source\Event</Filter>
    </ClCompile>
  </ItemGroup>
  <ItemGroup>
    <Filter Include="Headers">
      <UniqueIdentifier>{207b13a7-6e9c-4b97-a1f6-8b314cdfb4ae}</UniqueIdentifier>
    </Filter>
    <Filter Include="Source">
      <UniqueIdentifier>{feb8d488-6db5-441d-a4dc-53b1a4407532}</UniqueIdentifier>
    </Filter>
    <Filter Include="Source\Event">
      <UniqueIdentifier>{ec10c790-953f-4cd1-bdca-efa6942e0d28}</UniqueIdentifier>
    </Filter>
    <Filter Include="Source\ECS">
      <UniqueIdentifier>{23c8b864-7c16-462c-964d-678f1be43380}</UniqueIdentifier>
    </Filter>
    <Filter Include="Headers\Event">
      <UniqueIdentifier>{7c645c7e-0af5-4358-94d6-17be56975dcf}</UniqueIdentifier>
    </Filter>
    <Filter Include="Headers\ECS">
      <UniqueIdentifier>{b1632699-6a28-4c0b-a8c4-2a681a8cd87a}</UniqueIdentifier>
    </Filter>
  </ItemGroup>
  <ItemGroup>
    <ClInclude Include="EventBus.h">
      <Filter>Headers\Event</Filter>
    </ClInclude>
    <ClInclude Include="ECSRegistry.h">
      <Filter>Headers\ECS</Filter>
    </ClInclude>
    <ClInclude Include="EventQueue.h">
      <Filter>Headers\Event</Filter>
    </ClInclude>
  </ItemGroup>
</Project>